
Microsoft Visual Studio Solution File, Format Version 12.00
# Visual Studio Version 17
VisualStudioVersion = 17.11.35327.3
MinimumVisualStudioVersion = 10.0.40219.1
Project("{FAE04EC0-301F-11D3-BF4B-00C04F79EFBC}") = "PluginDotNet", "PluginDotNet\PluginDotNet.csproj", "{57D10426-CA13-481F-BD3B-EDA18F118502}"
EndProject
Project("{FAE04EC0-301F-11D3-BF4B-00C04F79EFBC}") = "PluginDotNet.Test", "PluginDotNet.Test\PluginDotNet.Test.csproj", "{C6FD992C-7E90-4435-9E42-C66BBD12C525}"
EndProject
Project("{FAE04EC0-301F-11D3-BF4B-00C04F79EFBC}") = "SimplePlugin", "SimplePlugin\SimplePlugin.csproj", "{8179A6D4-81B2-4502-ACED-9180F80C2CD7}"
EndProject
Project("{FAE04EC0-301F-11D3-BF4B-00C04F79EFBC}") = "Dependency", "Dependency\Dependency.csproj", "{5ED6B4BC-EBA4-4231-95B3-39DF4668D92C}"
EndProject
Project("{FAE04EC0-301F-11D3-BF4B-00C04F79EFBC}") = "DependentPlugin", "DependentPlugin\DependentPlugin.csproj", "{3C30B0BE-2717-4DBE-AEB8-7593270CA7F9}"
EndProject
Global
	GlobalSection(SolutionConfigurationPlatforms) = preSolution
		Debug|Any CPU = Debug|Any CPU
		Release|Any CPU = Release|Any CPU
	EndGlobalSection
	GlobalSection(ProjectConfigurationPlatforms) = postSolution
		{57D10426-CA13-481F-BD3B-EDA18F118502}.Debug|Any CPU.ActiveCfg = Debug|Any CPU
		{57D10426-CA13-481F-BD3B-EDA18F118502}.Debug|Any CPU.Build.0 = Debug|Any CPU
		{57D10426-CA13-481F-BD3B-EDA18F118502}.Release|Any CPU.ActiveCfg = Release|Any CPU
		{57D10426-CA13-481F-BD3B-EDA18F118502}.Release|Any CPU.Build.0 = Release|Any CPU
		{C6FD992C-7E90-4435-9E42-C66BBD12C525}.Debug|Any CPU.ActiveCfg = Debug|Any CPU
		{C6FD992C-7E90-4435-9E42-C66BBD12C525}.Debug|Any CPU.Build.0 = Debug|Any CPU
		{C6FD992C-7E90-4435-9E42-C66BBD12C525}.Release|Any CPU.ActiveCfg = Release|Any CPU
		{C6FD992C-7E90-4435-9E42-C66BBD12C525}.Release|Any CPU.Build.0 = Release|Any CPU
		{8179A6D4-81B2-4502-ACED-9180F80C2CD7}.Debug|Any CPU.ActiveCfg = Debug|Any CPU
		{8179A6D4-81B2-4502-ACED-9180F80C2CD7}.Debug|Any CPU.Build.0 = Debug|Any CPU
		{8179A6D4-81B2-4502-ACED-9180F80C2CD7}.Release|Any CPU.ActiveCfg = Release|Any CPU
		{8179A6D4-81B2-4502-ACED-9180F80C2CD7}.Release|Any CPU.Build.0 = Release|Any CPU
		{5ED6B4BC-EBA4-4231-95B3-39DF4668D92C}.Debug|Any CPU.ActiveCfg = Debug|Any CPU
		{5ED6B4BC-EBA4-4231-95B3-39DF4668D92C}.Debug|Any CPU.Build.0 = Debug|Any CPU
		{5ED6B4BC-EBA4-4231-95B3-39DF4668D92C}.Release|Any CPU.ActiveCfg = Release|Any CPU
		{5ED6B4BC-EBA4-4231-95B3-39DF4668D92C}.Release|Any CPU.Build.0 = Release|Any CPU
		{3C30B0BE-2717-4DBE-AEB8-7593270CA7F9}.Debug|Any CPU.ActiveCfg = Debug|Any CPU
		{3C30B0BE-2717-4DBE-AEB8-7593270CA7F9}.Debug|Any CPU.Build.0 = Debug|Any CPU
		{3C30B0BE-2717-4DBE-AEB8-7593270CA7F9}.Release|Any CPU.ActiveCfg = Release|Any CPU
		{3C30B0BE-2717-4DBE-AEB8-7593270CA7F9}.Release|Any CPU.Build.0 = Release|Any CPU
	EndGlobalSection
	GlobalSection(SolutionProperties) = preSolution
		HideSolutionNode = FALSE
	EndGlobalSection
	GlobalSection(ExtensibilityGlobals) = postSolution
		SolutionGuid = {D328BFF3-3202-4D08-BA63-A27CF8859C2A}
	EndGlobalSection
EndGlobal
